{
  "name": "example",
  "version": "1.0.0",
  "lockfileVersion": 2,
  "requires": true,
  "packages": {
    "": {
      "name": "example",
      "version": "1.0.0",
      "license": "ISC",
      "dependencies": {
        "fonteditor-core": "^2.1.11"
      }
    },
    "node_modules/@xmldom/xmldom": {
      "version": "0.8.6",
      "resolved": "https://registry.npmjs.org/@xmldom/xmldom/-/xmldom-0.8.6.tgz",
      "integrity": "sha512-uRjjusqpoqfmRkTaNuLJ2VohVr67Q5YwDATW3VU7PfzTj6IRaihGrYI7zckGZjxQPBIp63nfvJbM+Yu5ICh0Bg==",
      "engines": {
        "node": ">=10.0.0"
      }
    },
    "node_modules/fonteditor-core": {
      "version": "2.1.11",
      "resolved": "https://registry.npmjs.org/fonteditor-core/-/fonteditor-core-2.1.11.tgz",
      "integrity": "sha512-zgO5tHw5vzqYqkeb9jthIANbOOGwWqNWovINCMyIDLh9xmujsHPqloWJdk0PMbJHbZmiLG1F/kygfuWS8+TDfA==",
      "dependencies": {
        "@xmldom/xmldom": "^0.8.3"
      }
    }
  },
  "dependencies": {
    "@xmldom/xmldom": {
      "version": "0.8.6",
      "resolved": "https://registry.npmjs.org/@xmldom/xmldom/-/xmldom-0.8.6.tgz",
      "integrity": "sha512-uRjjusqpoqfmRkTaNuLJ2VohVr67Q5YwDATW3VU7PfzTj6IRaihGrYI7zckGZjxQPBIp63nfvJbM+Yu5ICh0Bg=="
    },
    "fonteditor-core": {
      "version": "2.1.11",
      "resolved": "https://registry.npmjs.org/fonteditor-core/-/fonteditor-core-2.1.11.tgz",
      "integrity": "sha512-zgO5tHw5vzqYqkeb9jthIANbOOGwWqNWovINCMyIDLh9xmujsHPqloWJdk0PMbJHbZmiLG1F/kygfuWS8+TDfA==",
      "requires": {
        "@xmldom/xmldom": "^0.8.3"
      }
    }
  }
}
